<?xml version="1.0" encoding="utf-8"?>
<Project ToolsVersion="4.0" xmlns="http://schemas.microsoft.com/developer/msbuild/2003">
  <ItemGroup>
    <Filter Include="Source Files">
      <UniqueIdentifier>{4FC737F1-C7A5-4376-A066-2A32D752A2FF}</UniqueIdentifier>
      <Extensions>cpp;c;cc;cxx;c++;cppm;ixx;def;odl;idl;hpj;bat;asm;asmx</Extensions>
    </Filter>
    <Filter Include="Header Files">
      <UniqueIdentifier>{93995380-89BD-4b04-88EB-625FBE52EBFB}</UniqueIdentifier>
      <Extensions>h;hh;hpp;hxx;h++;hm;inl;inc;ipp;xsd</Extensions>
    </Filter>
    <Filter Include="Resource Files">
      <UniqueIdentifier>{67DA6AB6-F800-4c08-8B7A-83BB121AAD01}</UniqueIdentifier>
      <Extensions>rc;ico;cur;bmp;dlg;rc2;rct;bin;rgs;gif;jpg;jpeg;jpe;resx;tiff;tif;png;wav;mfcribbon-ms</Extensions>
    </Filter>
    <Filter Include="Source Files\display">
      <UniqueIdentifier>{ed0484a8-6b97-4f16-bc45-abc48cb3ea97}</UniqueIdentifier>
    </Filter>
    <Filter Include="Source Files\main">
      <UniqueIdentifier>{c5b8c292-aaf1-4e05-9419-f6cd3f97dfe6}</UniqueIdentifier>
    </Filter>
    <Filter Include="Header Files\display">
      <UniqueIdentifier>{ddfc2650-4b99-4996-9af8-70303b25f569}</UniqueIdentifier>
    </Filter>
    <Filter Include="Header Files\core">
      <UniqueIdentifier>{fed0ee9d-93e2-4c10-96d5-18a4638aa701}</UniqueIdentifier>
    </Filter>
    <Filter Include="Source Files\core">
      <UniqueIdentifier>{cf74f618-c509-401f-8918-3da4d0652847}</UniqueIdentifier>
    </Filter>
  </ItemGroup>
  <ItemGroup>
    <ClCompile Include="Bunny.cpp">
      <Filter>Source Files\display</Filter>
    </ClCompile>
    <ClCompile Include="Benchmark.cpp">
      <Filter>Source Files\main</Filter>
    </ClCompile>
    <ClCompile Include="Benchmark_core.cpp">
      <Filter>Source Files\core</Filter>
    </ClCompile>
  </ItemGroup>
  <ItemGroup>
    <ClInclude Include="Bunny.h">
      <Filter>Header Files\display</Filter>
    </ClInclude>
    <ClInclude Include="Benchmark_core.h">
      <Filter>Header Files\core</Filter>
    </ClInclude>
  </ItemGroup>
  <ItemGroup>
    <None Include="shader\colorShade.sf">
      <Filter>Resource Files</Filter>
    </None>
    <None Include="shader\colorShade.sv">
      <Filter>Resource Files</Filter>
    </None>
  </ItemGroup>
</Project>