
Microsoft Visual Studio Solution File, Format Version 12.00
# Visual Studio 14
VisualStudioVersion = 14.0.25123.0
MinimumVisualStudioVersion = 10.0.40219.1
Project("{8BC9CEB8-8B4A-11D0-8D11-00A0C91BC942}") = "Game", "game\Game.vcxproj", "{44028A38-6C62-47DE-883A-EF500DE076EB}"
	ProjectSection(ProjectDependencies) = postProject
		{71F65EDD-D5AB-4F73-A3AA-F60F1365519B} = {71F65EDD-D5AB-4F73-A3AA-F60F1365519B}
	EndProjectSection
EndProject
Project("{8BC9CEB8-8B4A-11D0-8D11-00A0C91BC942}") = "Dove", "dove\Dove.vcxproj", "{71F65EDD-D5AB-4F73-A3AA-F60F1365519B}"
EndProject
Global
	GlobalSection(SolutionConfigurationPlatforms) = preSolution
		Debug|x64 = Debug|x64
		Debug|x86 = Debug|x86
		Release|x64 = Release|x64
		Release|x86 = Release|x86
	EndGlobalSection
	GlobalSection(ProjectConfigurationPlatforms) = postSolution
		{44028A38-6C62-47DE-883A-EF500DE076EB}.Debug|x64.ActiveCfg = Debug|x64
		{44028A38-6C62-47DE-883A-EF500DE076EB}.Debug|x64.Build.0 = Debug|x64
		{44028A38-6C62-47DE-883A-EF500DE076EB}.Debug|x86.ActiveCfg = Debug|x64
		{44028A38-6C62-47DE-883A-EF500DE076EB}.Debug|x86.Build.0 = Debug|x64
		{44028A38-6C62-47DE-883A-EF500DE076EB}.Release|x64.ActiveCfg = Release|x64
		{44028A38-6C62-47DE-883A-EF500DE076EB}.Release|x64.Build.0 = Release|x64
		{44028A38-6C62-47DE-883A-EF500DE076EB}.Release|x86.ActiveCfg = Release|Win32
		{44028A38-6C62-47DE-883A-EF500DE076EB}.Release|x86.Build.0 = Release|Win32
		{71F65EDD-D5AB-4F73-A3AA-F60F1365519B}.Debug|x64.ActiveCfg = Debug|x64
		{71F65EDD-D5AB-4F73-A3AA-F60F1365519B}.Debug|x64.Build.0 = Debug|x64
		{71F65EDD-D5AB-4F73-A3AA-F60F1365519B}.Debug|x86.ActiveCfg = Debug|Win32
		{71F65EDD-D5AB-4F73-A3AA-F60F1365519B}.Debug|x86.Build.0 = Debug|Win32
		{71F65EDD-D5AB-4F73-A3AA-F60F1365519B}.Release|x64.ActiveCfg = Release|x64
		{71F65EDD-D5AB-4F73-A3AA-F60F1365519B}.Release|x64.Build.0 = Release|x64
		{71F65EDD-D5AB-4F73-A3AA-F60F1365519B}.Release|x86.ActiveCfg = Release|Win32
		{71F65EDD-D5AB-4F73-A3AA-F60F1365519B}.Release|x86.Build.0 = Release|Win32
	EndGlobalSection
	GlobalSection(SolutionProperties) = preSolution
		HideSolutionNode = FALSE
	EndGlobalSection
EndGlobal
