<?xml version="1.0" encoding="utf-8"?>
<Project ToolsVersion="4.0" xmlns="http://schemas.microsoft.com/developer/msbuild/2003">
  <ItemGroup>
    <Filter Include="Source Files">
      <UniqueIdentifier>{4FC737F1-C7A5-4376-A066-2A32D752A2FF}</UniqueIdentifier>
      <Extensions>cpp;c;cc;cxx;def;odl;idl;hpj;bat;asm;asmx</Extensions>
    </Filter>
    <Filter Include="Header Files">
      <UniqueIdentifier>{93995380-89BD-4b04-88EB-625FBE52EBFB}</UniqueIdentifier>
      <Extensions>h;hh;hpp;hxx;hm;inl;inc;xsd</Extensions>
    </Filter>
    <Filter Include="Resource Files">
      <UniqueIdentifier>{67DA6AB6-F800-4c08-8B7A-83BB121AAD01}</UniqueIdentifier>
      <Extensions>rc;ico;cur;bmp;dlg;rc2;rct;bin;rgs;gif;jpg;jpeg;jpe;resx;tiff;tif;png;wav;mfcribbon-ms</Extensions>
    </Filter>
    <Filter Include="Header Files\utility">
      <UniqueIdentifier>{a9798730-8c2e-4ba2-ba1e-a8037a198b41}</UniqueIdentifier>
    </Filter>
    <Filter Include="Source Files\utility">
      <UniqueIdentifier>{f0b357ab-25f6-4bc0-a5e7-022a3f1e3054}</UniqueIdentifier>
    </Filter>
    <Filter Include="Header Files\frame">
      <UniqueIdentifier>{50fc7b50-6217-451d-93db-be61e4fb66d2}</UniqueIdentifier>
    </Filter>
    <Filter Include="Source Files\frame">
      <UniqueIdentifier>{e90dc79c-8c07-48f3-8a91-8548b749d4a4}</UniqueIdentifier>
    </Filter>
    <Filter Include="Source Files\display">
      <UniqueIdentifier>{8fb880d6-8f49-4b78-b1f1-6c77744eefcf}</UniqueIdentifier>
    </Filter>
    <Filter Include="Header Files\display">
      <UniqueIdentifier>{4fb9eae1-77f4-418e-a3fa-8b26c8569039}</UniqueIdentifier>
    </Filter>
    <Filter Include="Source Files\unsorted">
      <UniqueIdentifier>{bc066cc5-7edd-42e9-92ad-eb4711623625}</UniqueIdentifier>
    </Filter>
    <Filter Include="Header Files\unsorted">
      <UniqueIdentifier>{a4af31e8-8b8e-4832-ae6b-904baf07d35b}</UniqueIdentifier>
    </Filter>
    <Filter Include="Header Files\geometry">
      <UniqueIdentifier>{5da9e2f8-3407-458c-8eb5-b843a6e212c8}</UniqueIdentifier>
    </Filter>
    <Filter Include="Source Files\geometry">
      <UniqueIdentifier>{42e5ce9f-14c8-40ba-b5c4-55dc393afacf}</UniqueIdentifier>
    </Filter>
    <Filter Include="Header Files\render">
      <UniqueIdentifier>{63a42c88-c8cd-4569-bd2c-0505be98701b}</UniqueIdentifier>
    </Filter>
    <Filter Include="Source Files\render">
      <UniqueIdentifier>{925f0ec6-eb17-48b8-a117-497623f42927}</UniqueIdentifier>
    </Filter>
    <Filter Include="Header Files\core">
      <UniqueIdentifier>{90700f4e-1059-462d-b7ae-970980caf820}</UniqueIdentifier>
    </Filter>
    <Filter Include="Source Files\core">
      <UniqueIdentifier>{66f860b7-228a-4d1a-96cb-d1055deea03a}</UniqueIdentifier>
    </Filter>
  </ItemGroup>
  <ItemGroup>
    <Text Include="ReadMe.txt" />
  </ItemGroup>
  <ItemGroup>
    <ClInclude Include="error.h">
      <Filter>Header Files\utility</Filter>
    </ClInclude>
    <ClInclude Include="FrameManager.h">
      <Filter>Header Files\frame</Filter>
    </ClInclude>
    <ClInclude Include="AudioEngine.h">
      <Filter>Header Files\unsorted</Filter>
    </ClInclude>
    <ClInclude Include="AudioManager.h">
      <Filter>Header Files\unsorted</Filter>
    </ClInclude>
    <ClInclude Include="Camera.h">
      <Filter>Header Files\unsorted</Filter>
    </ClInclude>
    <ClInclude Include="GLSL.h">
      <Filter>Header Files\unsorted</Filter>
    </ClInclude>
    <ClInclude Include="GLTexture.h">
      <Filter>Header Files\unsorted</Filter>
    </ClInclude>
    <ClInclude Include="ImageLoader.h">
      <Filter>Header Files\unsorted</Filter>
    </ClInclude>
    <ClInclude Include="InputManager.h">
      <Filter>Header Files\unsorted</Filter>
    </ClInclude>
    <ClInclude Include="IOManager.h">
      <Filter>Header Files\unsorted</Filter>
    </ClInclude>
    <ClInclude Include="picoPNG.h">
      <Filter>Header Files\unsorted</Filter>
    </ClInclude>
    <ClInclude Include="Quad.h">
      <Filter>Header Files\unsorted</Filter>
    </ClInclude>
    <ClInclude Include="QuadBatch.h">
      <Filter>Header Files\unsorted</Filter>
    </ClInclude>
    <ClInclude Include="ResourceManager.h">
      <Filter>Header Files\unsorted</Filter>
    </ClInclude>
    <ClInclude Include="SpriteFont.h">
      <Filter>Header Files\unsorted</Filter>
    </ClInclude>
    <ClInclude Include="TextureCache.h">
      <Filter>Header Files\unsorted</Filter>
    </ClInclude>
    <ClInclude Include="Vertex.h">
      <Filter>Header Files\unsorted</Filter>
    </ClInclude>
    <ClInclude Include="Window.h">
      <Filter>Header Files\unsorted</Filter>
    </ClInclude>
    <ClInclude Include="Matrix.h">
      <Filter>Header Files\geometry</Filter>
    </ClInclude>
    <ClInclude Include="Point.h">
      <Filter>Header Files\geometry</Filter>
    </ClInclude>
    <ClInclude Include="mathematics.h">
      <Filter>Header Files\utility</Filter>
    </ClInclude>
    <ClInclude Include="Display.h">
      <Filter>Header Files\display</Filter>
    </ClInclude>
    <ClInclude Include="Glyph.h">
      <Filter>Header Files\render</Filter>
    </ClInclude>
    <ClInclude Include="Container.h">
      <Filter>Header Files\display</Filter>
    </ClInclude>
    <ClInclude Include="Stage.h">
      <Filter>Header Files\display</Filter>
    </ClInclude>
    <ClInclude Include="Dove.h">
      <Filter>Header Files\core</Filter>
    </ClInclude>
  </ItemGroup>
  <ItemGroup>
    <ClCompile Include="error.cpp">
      <Filter>Source Files\utility</Filter>
    </ClCompile>
    <ClCompile Include="FrameManager.cpp">
      <Filter>Source Files\frame</Filter>
    </ClCompile>
    <ClCompile Include="AudioEngine.cpp">
      <Filter>Source Files\unsorted</Filter>
    </ClCompile>
    <ClCompile Include="AudioManager.cpp">
      <Filter>Source Files\unsorted</Filter>
    </ClCompile>
    <ClCompile Include="Camera.cpp">
      <Filter>Source Files\unsorted</Filter>
    </ClCompile>
    <ClCompile Include="GLSL.cpp">
      <Filter>Source Files\unsorted</Filter>
    </ClCompile>
    <ClCompile Include="ImageLoader.cpp">
      <Filter>Source Files\unsorted</Filter>
    </ClCompile>
    <ClCompile Include="InputManager.cpp">
      <Filter>Source Files\unsorted</Filter>
    </ClCompile>
    <ClCompile Include="IOManager.cpp">
      <Filter>Source Files\unsorted</Filter>
    </ClCompile>
    <ClCompile Include="picoPNG.cpp">
      <Filter>Source Files\unsorted</Filter>
    </ClCompile>
    <ClCompile Include="Quad.cpp">
      <Filter>Source Files\unsorted</Filter>
    </ClCompile>
    <ClCompile Include="QuadBatch.cpp">
      <Filter>Source Files\unsorted</Filter>
    </ClCompile>
    <ClCompile Include="ResourceManager.cpp">
      <Filter>Source Files\unsorted</Filter>
    </ClCompile>
    <ClCompile Include="SpriteFont.cpp">
      <Filter>Source Files\unsorted</Filter>
    </ClCompile>
    <ClCompile Include="TextureCache.cpp">
      <Filter>Source Files\unsorted</Filter>
    </ClCompile>
    <ClCompile Include="Window.cpp">
      <Filter>Source Files\unsorted</Filter>
    </ClCompile>
    <ClCompile Include="Matrix.cpp">
      <Filter>Source Files\geometry</Filter>
    </ClCompile>
    <ClCompile Include="Point.cpp">
      <Filter>Source Files\geometry</Filter>
    </ClCompile>
    <ClCompile Include="mathematics.cpp">
      <Filter>Source Files\utility</Filter>
    </ClCompile>
    <ClCompile Include="Display.cpp">
      <Filter>Source Files\display</Filter>
    </ClCompile>
    <ClCompile Include="Glyph.cpp">
      <Filter>Source Files\render</Filter>
    </ClCompile>
    <ClCompile Include="Container.cpp">
      <Filter>Source Files\display</Filter>
    </ClCompile>
    <ClCompile Include="Stage.cpp">
      <Filter>Source Files\display</Filter>
    </ClCompile>
    <ClCompile Include="Dove.cpp">
      <Filter>Source Files\core</Filter>
    </ClCompile>
  </ItemGroup>
</Project>